{
  "name": "uicli.js",
  "version": "2.0.0",
  "lockfileVersion": 1,
  "requires": true,
  "dependencies": {
    "lustjson.js": {
      "version": "1.0.1",
      "resolved": "https://registry.npmjs.org/lustjson.js/-/lustjson.js-1.0.1.tgz",
      "integrity": "sha512-vp7UagoS0Znxp0gELWmGwO9XmdedDjiPDrhp43LwmN2KW6ndpVw2sYxHxgyOZk0tM98TjsMrE762JegvXPYP2Q=="
    },
    "peeriocjs": {
      "version": "2.4.1",
      "resolved": "https://registry.npmjs.org/peeriocjs/-/peeriocjs-2.4.1.tgz",
      "integrity": "sha512-+0dzwm/aCDMXkrSGlMvPo8kzN5Uvd3ZwjbLjGsHWgk0EWdfEczqqx6N6f3b3hr+32h8nfgqoiXi40lx2z019Fw=="
    },
    "stdin.js": {
      "version": "1.1.1",
      "resolved": "https://registry.npmjs.org/stdin.js/-/stdin.js-1.1.1.tgz",
      "integrity": "sha512-yDpkgjPdrosfw171sj+13h2XDCWieoyLgU+545iV8o+W1xrvSC1ukSriyztXUT5UM+WmKgx8LN0pAdWX3vW1Og=="
    }
  }
}
