{
  "name": "uicli",
  "version": "1.0.0",
  "lockfileVersion": 1,
  "requires": true,
  "dependencies": {
    "peeriocjs": {
      "version": "2.4.0",
      "resolved": "https://registry.npmjs.org/peeriocjs/-/peeriocjs-2.4.0.tgz",
      "integrity": "sha512-DwRugf9VIkozn6mnJyae/Xjin8yoqhO8ullDKSjS3UcPfqoZVc7ul04iLVMof8BWFU2RMjZ8aFzadwbqaNqsoA=="
    },
    "stdin.js": {
      "version": "1.0.0",
      "resolved": "https://registry.npmjs.org/stdin.js/-/stdin.js-1.0.0.tgz",
      "integrity": "sha512-D92X5hos0/QcN+lPUEcDrjq66M3AbXqzXUb2AQ9/8zbV39Dtf4+9JWXxvVqAiJRIrdD8Wwea5amNQWRMC+gqXw=="
    }
  }
}
